
Microsoft Visual Studio Solution File, Format Version 12.00
# Visual Studio Version 17
VisualStudioVersion = 17.0.31903.59
MinimumVisualStudioVersion = 10.0.40219.1
Project("{2150E333-8FDC-42A3-9474-1A3956D46DE8}") = "Core", "Core", "{884C07C2-0397-4AA6-8200-E8E72CA8A56D}"
EndProject
Project("{FAE04EC0-301F-11D3-BF4B-00C04F79EFBC}") = "MovieApi.Application", "Core\MovieApi.Application\MovieApi.Application.csproj", "{B0274689-7F9F-4AFC-9E96-89D97DC1FCD0}"
EndProject
Project("{FAE04EC0-301F-11D3-BF4B-00C04F79EFBC}") = "MovieApi.Domain", "Core\MovieApi.Domain\MovieApi.Domain.csproj", "{6FFDF889-7F7C-4528-A06D-A2FBA2726D7A}"
EndProject
Project("{2150E333-8FDC-42A3-9474-1A3956D46DE8}") = "Infrastructure", "Infrastructure", "{88ABF736-7988-441E-AD6B-DDCB2CEA7DD0}"
EndProject
Project("{FAE04EC0-301F-11D3-BF4B-00C04F79EFBC}") = "MovieApi.Infrastructure", "Infrastructure\MovieApi.Infrastructure\MovieApi.Infrastructure.csproj", "{FEFE2652-CA69-4F2B-91C9-E60F515B9001}"
EndProject
Project("{FAE04EC0-301F-11D3-BF4B-00C04F79EFBC}") = "MovieApi.Persistence", "Infrastructure\MovieApi.Persistence\MovieApi.Persistence.csproj", "{E252467A-5753-45D8-9272-B60D5F6D228C}"
EndProject
Project("{2150E333-8FDC-42A3-9474-1A3956D46DE8}") = "Presentation", "Presentation", "{82EA8263-2899-47F4-9E14-07F6ECF9E808}"
EndProject
Project("{FAE04EC0-301F-11D3-BF4B-00C04F79EFBC}") = "MovieStore.Api", "Presentation\MovieStore.Api\MovieStore.Api.csproj", "{3B903258-2F25-432D-B474-08FB21DC29AF}"
EndProject
Global
	GlobalSection(SolutionConfigurationPlatforms) = preSolution
		Debug|Any CPU = Debug|Any CPU
		Release|Any CPU = Release|Any CPU
	EndGlobalSection
	GlobalSection(SolutionProperties) = preSolution
		HideSolutionNode = FALSE
	EndGlobalSection
	GlobalSection(ProjectConfigurationPlatforms) = postSolution
		{229C8D73-2D22-41D8-BA0C-2B99DAC0E63F}.Debug|Any CPU.ActiveCfg = Debug|Any CPU
		{229C8D73-2D22-41D8-BA0C-2B99DAC0E63F}.Debug|Any CPU.Build.0 = Debug|Any CPU
		{229C8D73-2D22-41D8-BA0C-2B99DAC0E63F}.Release|Any CPU.ActiveCfg = Release|Any CPU
		{229C8D73-2D22-41D8-BA0C-2B99DAC0E63F}.Release|Any CPU.Build.0 = Release|Any CPU
		{EAD98BBB-5919-4EA4-8232-1A950962D2BD}.Debug|Any CPU.ActiveCfg = Debug|Any CPU
		{EAD98BBB-5919-4EA4-8232-1A950962D2BD}.Debug|Any CPU.Build.0 = Debug|Any CPU
		{EAD98BBB-5919-4EA4-8232-1A950962D2BD}.Release|Any CPU.ActiveCfg = Release|Any CPU
		{EAD98BBB-5919-4EA4-8232-1A950962D2BD}.Release|Any CPU.Build.0 = Release|Any CPU
		{DA3CAFD1-34DB-4AA5-9A8C-40CE3354A32C}.Debug|Any CPU.ActiveCfg = Debug|Any CPU
		{DA3CAFD1-34DB-4AA5-9A8C-40CE3354A32C}.Debug|Any CPU.Build.0 = Debug|Any CPU
		{DA3CAFD1-34DB-4AA5-9A8C-40CE3354A32C}.Release|Any CPU.ActiveCfg = Release|Any CPU
		{DA3CAFD1-34DB-4AA5-9A8C-40CE3354A32C}.Release|Any CPU.Build.0 = Release|Any CPU
		{542C84CF-6C05-4235-BE1C-E2EBF0BCACD5}.Debug|Any CPU.ActiveCfg = Debug|Any CPU
		{542C84CF-6C05-4235-BE1C-E2EBF0BCACD5}.Debug|Any CPU.Build.0 = Debug|Any CPU
		{542C84CF-6C05-4235-BE1C-E2EBF0BCACD5}.Release|Any CPU.ActiveCfg = Release|Any CPU
		{542C84CF-6C05-4235-BE1C-E2EBF0BCACD5}.Release|Any CPU.Build.0 = Release|Any CPU
		{B0274689-7F9F-4AFC-9E96-89D97DC1FCD0}.Debug|Any CPU.ActiveCfg = Debug|Any CPU
		{B0274689-7F9F-4AFC-9E96-89D97DC1FCD0}.Debug|Any CPU.Build.0 = Debug|Any CPU
		{B0274689-7F9F-4AFC-9E96-89D97DC1FCD0}.Release|Any CPU.ActiveCfg = Release|Any CPU
		{B0274689-7F9F-4AFC-9E96-89D97DC1FCD0}.Release|Any CPU.Build.0 = Release|Any CPU
		{6FFDF889-7F7C-4528-A06D-A2FBA2726D7A}.Debug|Any CPU.ActiveCfg = Debug|Any CPU
		{6FFDF889-7F7C-4528-A06D-A2FBA2726D7A}.Debug|Any CPU.Build.0 = Debug|Any CPU
		{6FFDF889-7F7C-4528-A06D-A2FBA2726D7A}.Release|Any CPU.ActiveCfg = Release|Any CPU
		{6FFDF889-7F7C-4528-A06D-A2FBA2726D7A}.Release|Any CPU.Build.0 = Release|Any CPU
		{D9F10FA2-2EAE-4BC1-8830-C1A6EC89C155}.Debug|Any CPU.ActiveCfg = Debug|Any CPU
		{D9F10FA2-2EAE-4BC1-8830-C1A6EC89C155}.Debug|Any CPU.Build.0 = Debug|Any CPU
		{D9F10FA2-2EAE-4BC1-8830-C1A6EC89C155}.Release|Any CPU.ActiveCfg = Release|Any CPU
		{D9F10FA2-2EAE-4BC1-8830-C1A6EC89C155}.Release|Any CPU.Build.0 = Release|Any CPU
		{6C82734A-EE37-4075-A8CC-F740E95C411A}.Debug|Any CPU.ActiveCfg = Debug|Any CPU
		{6C82734A-EE37-4075-A8CC-F740E95C411A}.Debug|Any CPU.Build.0 = Debug|Any CPU
		{6C82734A-EE37-4075-A8CC-F740E95C411A}.Release|Any CPU.ActiveCfg = Release|Any CPU
		{6C82734A-EE37-4075-A8CC-F740E95C411A}.Release|Any CPU.Build.0 = Release|Any CPU
		{E252467A-5753-45D8-9272-B60D5F6D228C}.Debug|Any CPU.ActiveCfg = Debug|Any CPU
		{E252467A-5753-45D8-9272-B60D5F6D228C}.Debug|Any CPU.Build.0 = Debug|Any CPU
		{E252467A-5753-45D8-9272-B60D5F6D228C}.Release|Any CPU.ActiveCfg = Release|Any CPU
		{E252467A-5753-45D8-9272-B60D5F6D228C}.Release|Any CPU.Build.0 = Release|Any CPU
		{3B903258-2F25-432D-B474-08FB21DC29AF}.Debug|Any CPU.ActiveCfg = Debug|Any CPU
		{3B903258-2F25-432D-B474-08FB21DC29AF}.Debug|Any CPU.Build.0 = Debug|Any CPU
		{3B903258-2F25-432D-B474-08FB21DC29AF}.Release|Any CPU.ActiveCfg = Release|Any CPU
		{3B903258-2F25-432D-B474-08FB21DC29AF}.Release|Any CPU.Build.0 = Release|Any CPU
		{FEFE2652-CA69-4F2B-91C9-E60F515B9001}.Debug|Any CPU.ActiveCfg = Debug|Any CPU
		{FEFE2652-CA69-4F2B-91C9-E60F515B9001}.Debug|Any CPU.Build.0 = Debug|Any CPU
		{FEFE2652-CA69-4F2B-91C9-E60F515B9001}.Release|Any CPU.ActiveCfg = Release|Any CPU
		{FEFE2652-CA69-4F2B-91C9-E60F515B9001}.Release|Any CPU.Build.0 = Release|Any CPU
	EndGlobalSection
	GlobalSection(NestedProjects) = preSolution
		{229C8D73-2D22-41D8-BA0C-2B99DAC0E63F} = {C72A90BA-5718-47B4-AA63-6021CBD54617}
		{DA3CAFD1-34DB-4AA5-9A8C-40CE3354A32C} = {C72A90BA-5718-47B4-AA63-6021CBD54617}
		{B0274689-7F9F-4AFC-9E96-89D97DC1FCD0} = {884C07C2-0397-4AA6-8200-E8E72CA8A56D}
		{6FFDF889-7F7C-4528-A06D-A2FBA2726D7A} = {884C07C2-0397-4AA6-8200-E8E72CA8A56D}
		{6C82734A-EE37-4075-A8CC-F740E95C411A} = {88ABF736-7988-441E-AD6B-DDCB2CEA7DD0}
		{E252467A-5753-45D8-9272-B60D5F6D228C} = {88ABF736-7988-441E-AD6B-DDCB2CEA7DD0}
		{3B903258-2F25-432D-B474-08FB21DC29AF} = {82EA8263-2899-47F4-9E14-07F6ECF9E808}
		{FEFE2652-CA69-4F2B-91C9-E60F515B9001} = {88ABF736-7988-441E-AD6B-DDCB2CEA7DD0}
	EndGlobalSection
EndGlobal
